
Microsoft Visual Studio Solution File, Format Version 12.00
# Visual Studio 15
VisualStudioVersion = 15.0.28307.136
MinimumVisualStudioVersion = 10.0.40219.1
Project("{FAE04EC0-301F-11D3-BF4B-00C04F79EFBC}") = "TestProject", "TestProject\TestProject.csproj", "{29EA270A-8605-4536-AF15-8369A8F0CF04}"
EndProject
Global
	GlobalSection(SolutionConfigurationPlatforms) = preSolution
		Debug|Any CPU = Debug|Any CPU
		Release|Any CPU = Release|Any CPU
	EndGlobalSection
	GlobalSection(ProjectConfigurationPlatforms) = postSolution
		{29EA270A-8605-4536-AF15-8369A8F0CF04}.Debug|Any CPU.ActiveCfg = Debug|Any CPU
		{29EA270A-8605-4536-AF15-8369A8F0CF04}.Debug|Any CPU.Build.0 = Debug|Any CPU
		{29EA270A-8605-4536-AF15-8369A8F0CF04}.Release|Any CPU.ActiveCfg = Release|Any CPU
		{29EA270A-8605-4536-AF15-8369A8F0CF04}.Release|Any CPU.Build.0 = Release|Any CPU
	EndGlobalSection
	GlobalSection(SolutionProperties) = preSolution
		HideSolutionNode = FALSE
	EndGlobalSection
	GlobalSection(ExtensibilityGlobals) = postSolution
		SolutionGuid = {574C468A-BFD7-426C-A1D1-7C77F0272132}
	EndGlobalSection
EndGlobal
